
Microsoft Visual Studio Solution File, Format Version 12.00
# Visual Studio Version 17
VisualStudioVersion = 17.10.35013.160
MinimumVisualStudioVersion = 10.0.40219.1
Project("{9A19103F-16F7-4668-BE54-9A1E7A4F7556}") = "ConsoleApp3", "ConsoleApp3\ConsoleApp3.csproj", "{140EC0DA-369A-4D47-ABA6-9DDF337832B8}"
EndProject
Project("{9A19103F-16F7-4668-BE54-9A1E7A4F7556}") = "Metodos", "Métodos\Metodos.csproj", "{9E39D6CE-9180-4F3B-8DBC-042BF48627FA}"
EndProject
Project("{9A19103F-16F7-4668-BE54-9A1E7A4F7556}") = "POO", "POO\POO.csproj", "{4866B053-89BC-4DAB-960C-D6050AA6006F}"
EndProject
Project("{9A19103F-16F7-4668-BE54-9A1E7A4F7556}") = "BlazorApp1", "BlazorApp1\BlazorApp1.csproj", "{BBBCFC04-CF4C-47E5-89CA-7AF4148C7DED}"
EndProject
Global
	GlobalSection(SolutionConfigurationPlatforms) = preSolution
		Debug|Any CPU = Debug|Any CPU
		Release|Any CPU = Release|Any CPU
	EndGlobalSection
	GlobalSection(ProjectConfigurationPlatforms) = postSolution
		{140EC0DA-369A-4D47-ABA6-9DDF337832B8}.Debug|Any CPU.ActiveCfg = Debug|Any CPU
		{140EC0DA-369A-4D47-ABA6-9DDF337832B8}.Debug|Any CPU.Build.0 = Debug|Any CPU
		{140EC0DA-369A-4D47-ABA6-9DDF337832B8}.Release|Any CPU.ActiveCfg = Release|Any CPU
		{140EC0DA-369A-4D47-ABA6-9DDF337832B8}.Release|Any CPU.Build.0 = Release|Any CPU
		{9E39D6CE-9180-4F3B-8DBC-042BF48627FA}.Debug|Any CPU.ActiveCfg = Debug|Any CPU
		{9E39D6CE-9180-4F3B-8DBC-042BF48627FA}.Debug|Any CPU.Build.0 = Debug|Any CPU
		{9E39D6CE-9180-4F3B-8DBC-042BF48627FA}.Release|Any CPU.ActiveCfg = Release|Any CPU
		{9E39D6CE-9180-4F3B-8DBC-042BF48627FA}.Release|Any CPU.Build.0 = Release|Any CPU
		{4866B053-89BC-4DAB-960C-D6050AA6006F}.Debug|Any CPU.ActiveCfg = Debug|Any CPU
		{4866B053-89BC-4DAB-960C-D6050AA6006F}.Debug|Any CPU.Build.0 = Debug|Any CPU
		{4866B053-89BC-4DAB-960C-D6050AA6006F}.Release|Any CPU.ActiveCfg = Release|Any CPU
		{4866B053-89BC-4DAB-960C-D6050AA6006F}.Release|Any CPU.Build.0 = Release|Any CPU
		{BBBCFC04-CF4C-47E5-89CA-7AF4148C7DED}.Debug|Any CPU.ActiveCfg = Debug|Any CPU
		{BBBCFC04-CF4C-47E5-89CA-7AF4148C7DED}.Debug|Any CPU.Build.0 = Debug|Any CPU
		{BBBCFC04-CF4C-47E5-89CA-7AF4148C7DED}.Release|Any CPU.ActiveCfg = Release|Any CPU
		{BBBCFC04-CF4C-47E5-89CA-7AF4148C7DED}.Release|Any CPU.Build.0 = Release|Any CPU
	EndGlobalSection
	GlobalSection(SolutionProperties) = preSolution
		HideSolutionNode = FALSE
	EndGlobalSection
	GlobalSection(ExtensibilityGlobals) = postSolution
		SolutionGuid = {8F76C39F-B0FE-4ADC-85F1-74CE02E2F998}
	EndGlobalSection
EndGlobal
